PODS:
  - Kingfisher (5.15.7):
    - Kingfisher/Core (= 5.15.7)
  - Kingfisher/Core (5.15.7)
  - SchibstedAccount (2.8.0):
    - SchibstedAccount/Manager (= 2.8.0)
    - SchibstedAccount/UI (= 2.8.0)
  - SchibstedAccount/Core (2.8.0)
  - SchibstedAccount/Manager (2.8.0):
    - SchibstedAccount/Core
  - SchibstedAccount/UI (2.8.0):
    - SchibstedAccount/Manager

DEPENDENCIES:
  - Kingfisher (~> 5.15.6)
  - SchibstedAccount

SPEC REPOS:
  trunk:
    - Kingfisher
    - SchibstedAccount

SPEC CHECKSUMS:
  Kingfisher: 6e1a13523fcb1c86924ce53affe4ac957e544d59
  SchibstedAccount: 61a9dfe945c5ceb791a33c92f6b7d31e4150061c

PODFILE CHECKSUM: 0af482202282aded8bd60c6fc8b89c2b838a4f14

COCOAPODS: 1.10.0
